
Microsoft Visual Studio Solution File, Format Version 12.00
# Visual Studio Version 17
VisualStudioVersion = 17.0.31903.59
MinimumVisualStudioVersion = 10.0.40219.1
Project("{FAE04EC0-301F-11D3-BF4B-00C04F79EFBC}") = "InSharpMcp.Contracts", "InSharpMcp.Contracts\InSharpMcp.Contracts.csproj", "{58935E00-23C0-448C-A3D9-D5DEC9720FEF}"
EndProject
Project("{2150E333-8FDC-42A3-9474-1A3956D46DE8}") = "tests", "tests", "{0AB3BF05-4346-4AA6-1389-037BE0695223}"
EndProject
Project("{FAE04EC0-301F-11D3-BF4B-00C04F79EFBC}") = "InSharpMcp.Tests", "tests\InSharpMcp.Tests\InSharpMcp.Tests.csproj", "{64347E84-9FC9-497C-B1BB-0C460553C1DA}"
EndProject
Project("{FAE04EC0-301F-11D3-BF4B-00C04F79EFBC}") = "InSharpMcp.AdapterContractTests", "tests\InSharpMcp.AdapterContractTests\InSharpMcp.AdapterContractTests.csproj", "{EBFB1240-CA2D-430E-B514-AB0C04A4377C}"
EndProject
Project("{FAE04EC0-301F-11D3-BF4B-00C04F79EFBC}") = "InSharpMcp.Adapters.Uno", "InSharpMcp.Adapters.Uno\InSharpMcp.Adapters.Uno.csproj", "{128BFDBC-EE5E-4D76-A538-EB7D0E4C77BA}"
EndProject
Project("{FAE04EC0-301F-11D3-BF4B-00C04F79EFBC}") = "InSharpMcp.Adapters.Avalonia", "InSharpMcp.Adapters.Avalonia\InSharpMcp.Adapters.Avalonia.csproj", "{2CA8BD17-278B-4168-AB10-3294222FABFB}"
EndProject
Project("{FAE04EC0-301F-11D3-BF4B-00C04F79EFBC}") = "InSharpMcp.Adapters.WinForms", "InSharpMcp.Adapters.WinForms\InSharpMcp.Adapters.WinForms.csproj", "{ED8889E0-34CC-424D-9328-6D52BAB65EC9}"
EndProject
Project("{FAE04EC0-301F-11D3-BF4B-00C04F79EFBC}") = "InSharpMcp.Adapters.Avalonia.Tests", "tests\InSharpMcp.Adapters.Avalonia.Tests\InSharpMcp.Adapters.Avalonia.Tests.csproj", "{FE1725F7-D347-4526-84C6-974CFDEEFCE8}"
EndProject
Project("{FAE04EC0-301F-11D3-BF4B-00C04F79EFBC}") = "InSharpMcp.Adapters.WinForms.Tests", "tests\InSharpMcp.Adapters.WinForms.Tests\InSharpMcp.Adapters.WinForms.Tests.csproj", "{7C0C1E9A-0D3C-454D-A124-73A76EAA153F}"
EndProject
Project("{FAE04EC0-301F-11D3-BF4B-00C04F79EFBC}") = "InSharpMcp.Broker", "InSharpMcp.Broker\InSharpMcp.Broker.csproj", "{6E5DBE3A-E1ED-4A7C-B530-1596F29D87F0}"
EndProject
Project("{FAE04EC0-301F-11D3-BF4B-00C04F79EFBC}") = "InSharpMcp.Core", "InSharpMcp.Core\InSharpMcp.Core.csproj", "{91176F20-4091-4CA1-B191-40A709535E7A}"
EndProject
Project("{FAE04EC0-301F-11D3-BF4B-00C04F79EFBC}") = "InSharpMcp.Bridge", "InSharpMcp.Bridge\InSharpMcp.Bridge.csproj", "{83393CEA-C1C4-4FF6-8A07-2621F962BA5C}"
EndProject
Project("{FAE04EC0-301F-11D3-BF4B-00C04F79EFBC}") = "InSharpMcp.Adapters.Uno.Tests", "tests\InSharpMcp.Adapters.Uno.Tests\InSharpMcp.Adapters.Uno.Tests.csproj", "{A6E85ABF-5F2A-40A2-993D-48BC80B7ACC7}"
EndProject
Global
	GlobalSection(SolutionConfigurationPlatforms) = preSolution
		Debug|Any CPU = Debug|Any CPU
		Debug|x64 = Debug|x64
		Debug|x86 = Debug|x86
		Release|Any CPU = Release|Any CPU
		Release|x64 = Release|x64
		Release|x86 = Release|x86
	EndGlobalSection
	GlobalSection(ProjectConfigurationPlatforms) = postSolution
		{58935E00-23C0-448C-A3D9-D5DEC9720FEF}.Debug|Any CPU.ActiveCfg = Debug|Any CPU
		{58935E00-23C0-448C-A3D9-D5DEC9720FEF}.Debug|Any CPU.Build.0 = Debug|Any CPU
		{58935E00-23C0-448C-A3D9-D5DEC9720FEF}.Debug|x64.ActiveCfg = Debug|Any CPU
		{58935E00-23C0-448C-A3D9-D5DEC9720FEF}.Debug|x64.Build.0 = Debug|Any CPU
		{58935E00-23C0-448C-A3D9-D5DEC9720FEF}.Debug|x86.ActiveCfg = Debug|Any CPU
		{58935E00-23C0-448C-A3D9-D5DEC9720FEF}.Debug|x86.Build.0 = Debug|Any CPU
		{58935E00-23C0-448C-A3D9-D5DEC9720FEF}.Release|Any CPU.ActiveCfg = Release|Any CPU
		{58935E00-23C0-448C-A3D9-D5DEC9720FEF}.Release|Any CPU.Build.0 = Release|Any CPU
		{58935E00-23C0-448C-A3D9-D5DEC9720FEF}.Release|x64.ActiveCfg = Release|Any CPU
		{58935E00-23C0-448C-A3D9-D5DEC9720FEF}.Release|x64.Build.0 = Release|Any CPU
		{58935E00-23C0-448C-A3D9-D5DEC9720FEF}.Release|x86.ActiveCfg = Release|Any CPU
		{58935E00-23C0-448C-A3D9-D5DEC9720FEF}.Release|x86.Build.0 = Release|Any CPU
		{64347E84-9FC9-497C-B1BB-0C460553C1DA}.Debug|Any CPU.ActiveCfg = Debug|Any CPU
		{64347E84-9FC9-497C-B1BB-0C460553C1DA}.Debug|Any CPU.Build.0 = Debug|Any CPU
		{64347E84-9FC9-497C-B1BB-0C460553C1DA}.Debug|x64.ActiveCfg = Debug|Any CPU
		{64347E84-9FC9-497C-B1BB-0C460553C1DA}.Debug|x64.Build.0 = Debug|Any CPU
		{64347E84-9FC9-497C-B1BB-0C460553C1DA}.Debug|x86.ActiveCfg = Debug|Any CPU
		{64347E84-9FC9-497C-B1BB-0C460553C1DA}.Debug|x86.Build.0 = Debug|Any CPU
		{64347E84-9FC9-497C-B1BB-0C460553C1DA}.Release|Any CPU.ActiveCfg = Release|Any CPU
		{64347E84-9FC9-497C-B1BB-0C460553C1DA}.Release|Any CPU.Build.0 = Release|Any CPU
		{64347E84-9FC9-497C-B1BB-0C460553C1DA}.Release|x64.ActiveCfg = Release|Any CPU
		{64347E84-9FC9-497C-B1BB-0C460553C1DA}.Release|x64.Build.0 = Release|Any CPU
		{64347E84-9FC9-497C-B1BB-0C460553C1DA}.Release|x86.ActiveCfg = Release|Any CPU
		{64347E84-9FC9-497C-B1BB-0C460553C1DA}.Release|x86.Build.0 = Release|Any CPU
		{EBFB1240-CA2D-430E-B514-AB0C04A4377C}.Debug|Any CPU.ActiveCfg = Debug|Any CPU
		{EBFB1240-CA2D-430E-B514-AB0C04A4377C}.Debug|Any CPU.Build.0 = Debug|Any CPU
		{EBFB1240-CA2D-430E-B514-AB0C04A4377C}.Debug|x64.ActiveCfg = Debug|Any CPU
		{EBFB1240-CA2D-430E-B514-AB0C04A4377C}.Debug|x64.Build.0 = Debug|Any CPU
		{EBFB1240-CA2D-430E-B514-AB0C04A4377C}.Debug|x86.ActiveCfg = Debug|Any CPU
		{EBFB1240-CA2D-430E-B514-AB0C04A4377C}.Debug|x86.Build.0 = Debug|Any CPU
		{EBFB1240-CA2D-430E-B514-AB0C04A4377C}.Release|Any CPU.ActiveCfg = Release|Any CPU
		{EBFB1240-CA2D-430E-B514-AB0C04A4377C}.Release|Any CPU.Build.0 = Release|Any CPU
		{EBFB1240-CA2D-430E-B514-AB0C04A4377C}.Release|x64.ActiveCfg = Release|Any CPU
		{EBFB1240-CA2D-430E-B514-AB0C04A4377C}.Release|x64.Build.0 = Release|Any CPU
		{EBFB1240-CA2D-430E-B514-AB0C04A4377C}.Release|x86.ActiveCfg = Release|Any CPU
		{EBFB1240-CA2D-430E-B514-AB0C04A4377C}.Release|x86.Build.0 = Release|Any CPU
		{128BFDBC-EE5E-4D76-A538-EB7D0E4C77BA}.Debug|Any CPU.ActiveCfg = Debug|Any CPU
		{128BFDBC-EE5E-4D76-A538-EB7D0E4C77BA}.Debug|Any CPU.Build.0 = Debug|Any CPU
		{128BFDBC-EE5E-4D76-A538-EB7D0E4C77BA}.Debug|x64.ActiveCfg = Debug|Any CPU
		{128BFDBC-EE5E-4D76-A538-EB7D0E4C77BA}.Debug|x64.Build.0 = Debug|Any CPU
		{128BFDBC-EE5E-4D76-A538-EB7D0E4C77BA}.Debug|x86.ActiveCfg = Debug|Any CPU
		{128BFDBC-EE5E-4D76-A538-EB7D0E4C77BA}.Debug|x86.Build.0 = Debug|Any CPU
		{128BFDBC-EE5E-4D76-A538-EB7D0E4C77BA}.Release|Any CPU.ActiveCfg = Release|Any CPU
		{128BFDBC-EE5E-4D76-A538-EB7D0E4C77BA}.Release|Any CPU.Build.0 = Release|Any CPU
		{128BFDBC-EE5E-4D76-A538-EB7D0E4C77BA}.Release|x64.ActiveCfg = Release|Any CPU
		{128BFDBC-EE5E-4D76-A538-EB7D0E4C77BA}.Release|x64.Build.0 = Release|Any CPU
		{128BFDBC-EE5E-4D76-A538-EB7D0E4C77BA}.Release|x86.ActiveCfg = Release|Any CPU
		{128BFDBC-EE5E-4D76-A538-EB7D0E4C77BA}.Release|x86.Build.0 = Release|Any CPU
		{2CA8BD17-278B-4168-AB10-3294222FABFB}.Debug|Any CPU.ActiveCfg = Debug|Any CPU
		{2CA8BD17-278B-4168-AB10-3294222FABFB}.Debug|Any CPU.Build.0 = Debug|Any CPU
		{2CA8BD17-278B-4168-AB10-3294222FABFB}.Debug|x64.ActiveCfg = Debug|Any CPU
		{2CA8BD17-278B-4168-AB10-3294222FABFB}.Debug|x64.Build.0 = Debug|Any CPU
		{2CA8BD17-278B-4168-AB10-3294222FABFB}.Debug|x86.ActiveCfg = Debug|Any CPU
		{2CA8BD17-278B-4168-AB10-3294222FABFB}.Debug|x86.Build.0 = Debug|Any CPU
		{2CA8BD17-278B-4168-AB10-3294222FABFB}.Release|Any CPU.ActiveCfg = Release|Any CPU
		{2CA8BD17-278B-4168-AB10-3294222FABFB}.Release|Any CPU.Build.0 = Release|Any CPU
		{2CA8BD17-278B-4168-AB10-3294222FABFB}.Release|x64.ActiveCfg = Release|Any CPU
		{2CA8BD17-278B-4168-AB10-3294222FABFB}.Release|x64.Build.0 = Release|Any CPU
		{2CA8BD17-278B-4168-AB10-3294222FABFB}.Release|x86.ActiveCfg = Release|Any CPU
		{2CA8BD17-278B-4168-AB10-3294222FABFB}.Release|x86.Build.0 = Release|Any CPU
		{ED8889E0-34CC-424D-9328-6D52BAB65EC9}.Debug|Any CPU.ActiveCfg = Debug|Any CPU
		{ED8889E0-34CC-424D-9328-6D52BAB65EC9}.Debug|Any CPU.Build.0 = Debug|Any CPU
		{ED8889E0-34CC-424D-9328-6D52BAB65EC9}.Debug|x64.ActiveCfg = Debug|Any CPU
		{ED8889E0-34CC-424D-9328-6D52BAB65EC9}.Debug|x64.Build.0 = Debug|Any CPU
		{ED8889E0-34CC-424D-9328-6D52BAB65EC9}.Debug|x86.ActiveCfg = Debug|Any CPU
		{ED8889E0-34CC-424D-9328-6D52BAB65EC9}.Debug|x86.Build.0 = Debug|Any CPU
		{ED8889E0-34CC-424D-9328-6D52BAB65EC9}.Release|Any CPU.ActiveCfg = Release|Any CPU
		{ED8889E0-34CC-424D-9328-6D52BAB65EC9}.Release|Any CPU.Build.0 = Release|Any CPU
		{ED8889E0-34CC-424D-9328-6D52BAB65EC9}.Release|x64.ActiveCfg = Release|Any CPU
		{ED8889E0-34CC-424D-9328-6D52BAB65EC9}.Release|x64.Build.0 = Release|Any CPU
		{ED8889E0-34CC-424D-9328-6D52BAB65EC9}.Release|x86.ActiveCfg = Release|Any CPU
		{ED8889E0-34CC-424D-9328-6D52BAB65EC9}.Release|x86.Build.0 = Release|Any CPU
		{FE1725F7-D347-4526-84C6-974CFDEEFCE8}.Debug|Any CPU.ActiveCfg = Debug|Any CPU
		{FE1725F7-D347-4526-84C6-974CFDEEFCE8}.Debug|Any CPU.Build.0 = Debug|Any CPU
		{FE1725F7-D347-4526-84C6-974CFDEEFCE8}.Debug|x64.ActiveCfg = Debug|Any CPU
		{FE1725F7-D347-4526-84C6-974CFDEEFCE8}.Debug|x64.Build.0 = Debug|Any CPU
		{FE1725F7-D347-4526-84C6-974CFDEEFCE8}.Debug|x86.ActiveCfg = Debug|Any CPU
		{FE1725F7-D347-4526-84C6-974CFDEEFCE8}.Debug|x86.Build.0 = Debug|Any CPU
		{FE1725F7-D347-4526-84C6-974CFDEEFCE8}.Release|Any CPU.ActiveCfg = Release|Any CPU
		{FE1725F7-D347-4526-84C6-974CFDEEFCE8}.Release|Any CPU.Build.0 = Release|Any CPU
		{FE1725F7-D347-4526-84C6-974CFDEEFCE8}.Release|x64.ActiveCfg = Release|Any CPU
		{FE1725F7-D347-4526-84C6-974CFDEEFCE8}.Release|x64.Build.0 = Release|Any CPU
		{FE1725F7-D347-4526-84C6-974CFDEEFCE8}.Release|x86.ActiveCfg = Release|Any CPU
		{FE1725F7-D347-4526-84C6-974CFDEEFCE8}.Release|x86.Build.0 = Release|Any CPU
		{7C0C1E9A-0D3C-454D-A124-73A76EAA153F}.Debug|Any CPU.ActiveCfg = Debug|Any CPU
		{7C0C1E9A-0D3C-454D-A124-73A76EAA153F}.Debug|Any CPU.Build.0 = Debug|Any CPU
		{7C0C1E9A-0D3C-454D-A124-73A76EAA153F}.Debug|x64.ActiveCfg = Debug|Any CPU
		{7C0C1E9A-0D3C-454D-A124-73A76EAA153F}.Debug|x64.Build.0 = Debug|Any CPU
		{7C0C1E9A-0D3C-454D-A124-73A76EAA153F}.Debug|x86.ActiveCfg = Debug|Any CPU
		{7C0C1E9A-0D3C-454D-A124-73A76EAA153F}.Debug|x86.Build.0 = Debug|Any CPU
		{7C0C1E9A-0D3C-454D-A124-73A76EAA153F}.Release|Any CPU.ActiveCfg = Release|Any CPU
		{7C0C1E9A-0D3C-454D-A124-73A76EAA153F}.Release|Any CPU.Build.0 = Release|Any CPU
		{7C0C1E9A-0D3C-454D-A124-73A76EAA153F}.Release|x64.ActiveCfg = Release|Any CPU
		{7C0C1E9A-0D3C-454D-A124-73A76EAA153F}.Release|x64.Build.0 = Release|Any CPU
		{7C0C1E9A-0D3C-454D-A124-73A76EAA153F}.Release|x86.ActiveCfg = Release|Any CPU
		{7C0C1E9A-0D3C-454D-A124-73A76EAA153F}.Release|x86.Build.0 = Release|Any CPU
		{6E5DBE3A-E1ED-4A7C-B530-1596F29D87F0}.Debug|Any CPU.ActiveCfg = Debug|Any CPU
		{6E5DBE3A-E1ED-4A7C-B530-1596F29D87F0}.Debug|Any CPU.Build.0 = Debug|Any CPU
		{6E5DBE3A-E1ED-4A7C-B530-1596F29D87F0}.Debug|x64.ActiveCfg = Debug|Any CPU
		{6E5DBE3A-E1ED-4A7C-B530-1596F29D87F0}.Debug|x64.Build.0 = Debug|Any CPU
		{6E5DBE3A-E1ED-4A7C-B530-1596F29D87F0}.Debug|x86.ActiveCfg = Debug|Any CPU
		{6E5DBE3A-E1ED-4A7C-B530-1596F29D87F0}.Debug|x86.Build.0 = Debug|Any CPU
		{6E5DBE3A-E1ED-4A7C-B530-1596F29D87F0}.Release|Any CPU.ActiveCfg = Release|Any CPU
		{6E5DBE3A-E1ED-4A7C-B530-1596F29D87F0}.Release|Any CPU.Build.0 = Release|Any CPU
		{6E5DBE3A-E1ED-4A7C-B530-1596F29D87F0}.Release|x64.ActiveCfg = Release|Any CPU
		{6E5DBE3A-E1ED-4A7C-B530-1596F29D87F0}.Release|x64.Build.0 = Release|Any CPU
		{6E5DBE3A-E1ED-4A7C-B530-1596F29D87F0}.Release|x86.ActiveCfg = Release|Any CPU
		{6E5DBE3A-E1ED-4A7C-B530-1596F29D87F0}.Release|x86.Build.0 = Release|Any CPU
		{91176F20-4091-4CA1-B191-40A709535E7A}.Debug|Any CPU.ActiveCfg = Debug|Any CPU
		{91176F20-4091-4CA1-B191-40A709535E7A}.Debug|Any CPU.Build.0 = Debug|Any CPU
		{91176F20-4091-4CA1-B191-40A709535E7A}.Debug|x64.ActiveCfg = Debug|Any CPU
		{91176F20-4091-4CA1-B191-40A709535E7A}.Debug|x64.Build.0 = Debug|Any CPU
		{91176F20-4091-4CA1-B191-40A709535E7A}.Debug|x86.ActiveCfg = Debug|Any CPU
		{91176F20-4091-4CA1-B191-40A709535E7A}.Debug|x86.Build.0 = Debug|Any CPU
		{91176F20-4091-4CA1-B191-40A709535E7A}.Release|Any CPU.ActiveCfg = Release|Any CPU
		{91176F20-4091-4CA1-B191-40A709535E7A}.Release|Any CPU.Build.0 = Release|Any CPU
		{91176F20-4091-4CA1-B191-40A709535E7A}.Release|x64.ActiveCfg = Release|Any CPU
		{91176F20-4091-4CA1-B191-40A709535E7A}.Release|x64.Build.0 = Release|Any CPU
		{91176F20-4091-4CA1-B191-40A709535E7A}.Release|x86.ActiveCfg = Release|Any CPU
		{91176F20-4091-4CA1-B191-40A709535E7A}.Release|x86.Build.0 = Release|Any CPU
		{83393CEA-C1C4-4FF6-8A07-2621F962BA5C}.Debug|Any CPU.ActiveCfg = Debug|Any CPU
		{83393CEA-C1C4-4FF6-8A07-2621F962BA5C}.Debug|Any CPU.Build.0 = Debug|Any CPU
		{83393CEA-C1C4-4FF6-8A07-2621F962BA5C}.Debug|x64.ActiveCfg = Debug|Any CPU
		{83393CEA-C1C4-4FF6-8A07-2621F962BA5C}.Debug|x64.Build.0 = Debug|Any CPU
		{83393CEA-C1C4-4FF6-8A07-2621F962BA5C}.Debug|x86.ActiveCfg = Debug|Any CPU
		{83393CEA-C1C4-4FF6-8A07-2621F962BA5C}.Debug|x86.Build.0 = Debug|Any CPU
		{83393CEA-C1C4-4FF6-8A07-2621F962BA5C}.Release|Any CPU.ActiveCfg = Release|Any CPU
		{83393CEA-C1C4-4FF6-8A07-2621F962BA5C}.Release|Any CPU.Build.0 = Release|Any CPU
		{83393CEA-C1C4-4FF6-8A07-2621F962BA5C}.Release|x64.ActiveCfg = Release|Any CPU
		{83393CEA-C1C4-4FF6-8A07-2621F962BA5C}.Release|x64.Build.0 = Release|Any CPU
		{83393CEA-C1C4-4FF6-8A07-2621F962BA5C}.Release|x86.ActiveCfg = Release|Any CPU
		{83393CEA-C1C4-4FF6-8A07-2621F962BA5C}.Release|x86.Build.0 = Release|Any CPU
		{A6E85ABF-5F2A-40A2-993D-48BC80B7ACC7}.Debug|Any CPU.ActiveCfg = Debug|Any CPU
		{A6E85ABF-5F2A-40A2-993D-48BC80B7ACC7}.Debug|Any CPU.Build.0 = Debug|Any CPU
		{A6E85ABF-5F2A-40A2-993D-48BC80B7ACC7}.Debug|x64.ActiveCfg = Debug|Any CPU
		{A6E85ABF-5F2A-40A2-993D-48BC80B7ACC7}.Debug|x64.Build.0 = Debug|Any CPU
		{A6E85ABF-5F2A-40A2-993D-48BC80B7ACC7}.Debug|x86.ActiveCfg = Debug|Any CPU
		{A6E85ABF-5F2A-40A2-993D-48BC80B7ACC7}.Debug|x86.Build.0 = Debug|Any CPU
		{A6E85ABF-5F2A-40A2-993D-48BC80B7ACC7}.Release|Any CPU.ActiveCfg = Release|Any CPU
		{A6E85ABF-5F2A-40A2-993D-48BC80B7ACC7}.Release|Any CPU.Build.0 = Release|Any CPU
		{A6E85ABF-5F2A-40A2-993D-48BC80B7ACC7}.Release|x64.ActiveCfg = Release|Any CPU
		{A6E85ABF-5F2A-40A2-993D-48BC80B7ACC7}.Release|x64.Build.0 = Release|Any CPU
		{A6E85ABF-5F2A-40A2-993D-48BC80B7ACC7}.Release|x86.ActiveCfg = Release|Any CPU
		{A6E85ABF-5F2A-40A2-993D-48BC80B7ACC7}.Release|x86.Build.0 = Release|Any CPU
	EndGlobalSection
	GlobalSection(SolutionProperties) = preSolution
		HideSolutionNode = FALSE
	EndGlobalSection
	GlobalSection(NestedProjects) = preSolution
		{64347E84-9FC9-497C-B1BB-0C460553C1DA} = {0AB3BF05-4346-4AA6-1389-037BE0695223}
		{EBFB1240-CA2D-430E-B514-AB0C04A4377C} = {0AB3BF05-4346-4AA6-1389-037BE0695223}
		{FE1725F7-D347-4526-84C6-974CFDEEFCE8} = {0AB3BF05-4346-4AA6-1389-037BE0695223}
		{7C0C1E9A-0D3C-454D-A124-73A76EAA153F} = {0AB3BF05-4346-4AA6-1389-037BE0695223}
		{A6E85ABF-5F2A-40A2-993D-48BC80B7ACC7} = {0AB3BF05-4346-4AA6-1389-037BE0695223}
	EndGlobalSection
EndGlobal
